{
  "requires": true,
  "lockfileVersion": 1,
  "dependencies": {
    "n": {
      "version": "6.7.0",
      "resolved": "https://registry.npmjs.org/n/-/n-6.7.0.tgz",
      "integrity": "sha512-l/pRcSEqR5PN7/j2Y5tY8KzW/tH0bVJ5UnceItO9mLjoHjNOaRc9cVkIUzUnfftQrcc5RXaqTRrtOPhQ9n10MQ=="
    },
    "stable": {
      "version": "0.1.8",
      "resolved": "https://registry.npmjs.org/stable/-/stable-0.1.8.tgz",
      "integrity": "sha512-ji9qxRnOVfcuLDySj9qzhGSEFVobyt1kIOSkj1qZzYLzq7Tos/oUUWvotUPQLlrsidqsK6tBH89Bc9kL5zHA6w=="
    }
  }
}
